
Microsoft Visual Studio Solution File, Format Version 12.00
# Visual Studio Version 17
VisualStudioVersion = 17.6.33815.320
MinimumVisualStudioVersion = 10.0.40219.1
Project("{9A19103F-16F7-4668-BE54-9A1E7A4F7556}") = "Assignments2", "Assignments2.csproj", "{3EC51943-E497-463F-BD19-391E9FDCF309}"
EndProject
Global
	GlobalSection(SolutionConfigurationPlatforms) = preSolution
		Debug|Any CPU = Debug|Any CPU
		Release|Any CPU = Release|Any CPU
	EndGlobalSection
	GlobalSection(ProjectConfigurationPlatforms) = postSolution
		{3EC51943-E497-463F-BD19-391E9FDCF309}.Debug|Any CPU.ActiveCfg = Debug|Any CPU
		{3EC51943-E497-463F-BD19-391E9FDCF309}.Debug|Any CPU.Build.0 = Debug|Any CPU
		{3EC51943-E497-463F-BD19-391E9FDCF309}.Release|Any CPU.ActiveCfg = Release|Any CPU
		{3EC51943-E497-463F-BD19-391E9FDCF309}.Release|Any CPU.Build.0 = Release|Any CPU
	EndGlobalSection
	GlobalSection(SolutionProperties) = preSolution
		HideSolutionNode = FALSE
	EndGlobalSection
	GlobalSection(ExtensibilityGlobals) = postSolution
		SolutionGuid = {BD66C963-ED2E-4081-95FA-82C984C5F017}
	EndGlobalSection
EndGlobal
